
Microsoft Visual Studio Solution File, Format Version 12.00
# Visual Studio Version 17
VisualStudioVersion = 17.0.31903.59
MinimumVisualStudioVersion = 10.0.40219.1
Project("{2150E333-8FDC-42A3-9474-1A3956D46DE8}") = "src", "src", "{827E0CD3-B72D-47B6-A68D-7590B98EB39B}"
EndProject
Project("{FAE04EC0-301F-11D3-BF4B-00C04F79EFBC}") = "FCG.Catalog.Api", "src\FCG.Catalog.Api\FCG.Catalog.Api.csproj", "{B75DA5BD-4F2D-472E-8686-C19E889FD10F}"
EndProject
Project("{FAE04EC0-301F-11D3-BF4B-00C04F79EFBC}") = "FCG.Catalog.Application", "src\FCG.Catalog.Application\FCG.Catalog.Application.csproj", "{F8E65CC4-D9A6-4CC3-A52E-7842E41638D6}"
EndProject
Project("{FAE04EC0-301F-11D3-BF4B-00C04F79EFBC}") = "FCG.Catalog.Domain", "src\FCG.Catalog.Domain\FCG.Catalog.Domain.csproj", "{9251CEEE-BC3E-4AFA-AA82-0E155DAE7672}"
EndProject
Project("{FAE04EC0-301F-11D3-BF4B-00C04F79EFBC}") = "FCG.Catalog.Infrastructure", "src\FCG.Catalog.Infrastructure\FCG.Catalog.Infrastructure.csproj", "{1BB791BA-C288-4904-8DBF-ABAEB6E757C2}"
EndProject
Project("{FAE04EC0-301F-11D3-BF4B-00C04F79EFBC}") = "FCG.Catalog.UnitTests", "tests\FCG.Catalog.UnitTests\FCG.Catalog.UnitTests.csproj", "{C277231A-2B26-4C7B-9082-5591DD066A91}"
EndProject
Project("{FAE04EC0-301F-11D3-BF4B-00C04F79EFBC}") = "FCG.Catalog.IntegrationTests", "tests\FCG.Catalog.IntegrationTests\FCG.Catalog.IntegrationTests.csproj", "{DD2DA24C-80FC-4503-9E68-7D73073F214F}"
EndProject
Global
	GlobalSection(SolutionConfigurationPlatforms) = preSolution
		Debug|Any CPU = Debug|Any CPU
		Debug|x64 = Debug|x64
		Debug|x86 = Debug|x86
		Release|Any CPU = Release|Any CPU
		Release|x64 = Release|x64
		Release|x86 = Release|x86
	EndGlobalSection
	GlobalSection(ProjectConfigurationPlatforms) = postSolution
		{B75DA5BD-4F2D-472E-8686-C19E889FD10F}.Debug|Any CPU.ActiveCfg = Debug|Any CPU
		{B75DA5BD-4F2D-472E-8686-C19E889FD10F}.Debug|Any CPU.Build.0 = Debug|Any CPU
		{B75DA5BD-4F2D-472E-8686-C19E889FD10F}.Debug|x64.ActiveCfg = Debug|Any CPU
		{B75DA5BD-4F2D-472E-8686-C19E889FD10F}.Debug|x64.Build.0 = Debug|Any CPU
		{B75DA5BD-4F2D-472E-8686-C19E889FD10F}.Debug|x86.ActiveCfg = Debug|Any CPU
		{B75DA5BD-4F2D-472E-8686-C19E889FD10F}.Debug|x86.Build.0 = Debug|Any CPU
		{B75DA5BD-4F2D-472E-8686-C19E889FD10F}.Release|Any CPU.ActiveCfg = Release|Any CPU
		{B75DA5BD-4F2D-472E-8686-C19E889FD10F}.Release|Any CPU.Build.0 = Release|Any CPU
		{B75DA5BD-4F2D-472E-8686-C19E889FD10F}.Release|x64.ActiveCfg = Release|Any CPU
		{B75DA5BD-4F2D-472E-8686-C19E889FD10F}.Release|x64.Build.0 = Release|Any CPU
		{B75DA5BD-4F2D-472E-8686-C19E889FD10F}.Release|x86.ActiveCfg = Release|Any CPU
		{B75DA5BD-4F2D-472E-8686-C19E889FD10F}.Release|x86.Build.0 = Release|Any CPU
		{F8E65CC4-D9A6-4CC3-A52E-7842E41638D6}.Debug|Any CPU.ActiveCfg = Debug|Any CPU
		{F8E65CC4-D9A6-4CC3-A52E-7842E41638D6}.Debug|Any CPU.Build.0 = Debug|Any CPU
		{F8E65CC4-D9A6-4CC3-A52E-7842E41638D6}.Debug|x64.ActiveCfg = Debug|Any CPU
		{F8E65CC4-D9A6-4CC3-A52E-7842E41638D6}.Debug|x64.Build.0 = Debug|Any CPU
		{F8E65CC4-D9A6-4CC3-A52E-7842E41638D6}.Debug|x86.ActiveCfg = Debug|Any CPU
		{F8E65CC4-D9A6-4CC3-A52E-7842E41638D6}.Debug|x86.Build.0 = Debug|Any CPU
		{F8E65CC4-D9A6-4CC3-A52E-7842E41638D6}.Release|Any CPU.ActiveCfg = Release|Any CPU
		{F8E65CC4-D9A6-4CC3-A52E-7842E41638D6}.Release|Any CPU.Build.0 = Release|Any CPU
		{F8E65CC4-D9A6-4CC3-A52E-7842E41638D6}.Release|x64.ActiveCfg = Release|Any CPU
		{F8E65CC4-D9A6-4CC3-A52E-7842E41638D6}.Release|x64.Build.0 = Release|Any CPU
		{F8E65CC4-D9A6-4CC3-A52E-7842E41638D6}.Release|x86.ActiveCfg = Release|Any CPU
		{F8E65CC4-D9A6-4CC3-A52E-7842E41638D6}.Release|x86.Build.0 = Release|Any CPU
		{9251CEEE-BC3E-4AFA-AA82-0E155DAE7672}.Debug|Any CPU.ActiveCfg = Debug|Any CPU
		{9251CEEE-BC3E-4AFA-AA82-0E155DAE7672}.Debug|Any CPU.Build.0 = Debug|Any CPU
		{9251CEEE-BC3E-4AFA-AA82-0E155DAE7672}.Debug|x64.ActiveCfg = Debug|Any CPU
		{9251CEEE-BC3E-4AFA-AA82-0E155DAE7672}.Debug|x64.Build.0 = Debug|Any CPU
		{9251CEEE-BC3E-4AFA-AA82-0E155DAE7672}.Debug|x86.ActiveCfg = Debug|Any CPU
		{9251CEEE-BC3E-4AFA-AA82-0E155DAE7672}.Debug|x86.Build.0 = Debug|Any CPU
		{9251CEEE-BC3E-4AFA-AA82-0E155DAE7672}.Release|Any CPU.ActiveCfg = Release|Any CPU
		{9251CEEE-BC3E-4AFA-AA82-0E155DAE7672}.Release|Any CPU.Build.0 = Release|Any CPU
		{9251CEEE-BC3E-4AFA-AA82-0E155DAE7672}.Release|x64.ActiveCfg = Release|Any CPU
		{9251CEEE-BC3E-4AFA-AA82-0E155DAE7672}.Release|x64.Build.0 = Release|Any CPU
		{9251CEEE-BC3E-4AFA-AA82-0E155DAE7672}.Release|x86.ActiveCfg = Release|Any CPU
		{9251CEEE-BC3E-4AFA-AA82-0E155DAE7672}.Release|x86.Build.0 = Release|Any CPU
		{1BB791BA-C288-4904-8DBF-ABAEB6E757C2}.Debug|Any CPU.ActiveCfg = Debug|Any CPU
		{1BB791BA-C288-4904-8DBF-ABAEB6E757C2}.Debug|Any CPU.Build.0 = Debug|Any CPU
		{1BB791BA-C288-4904-8DBF-ABAEB6E757C2}.Debug|x64.ActiveCfg = Debug|Any CPU
		{1BB791BA-C288-4904-8DBF-ABAEB6E757C2}.Debug|x64.Build.0 = Debug|Any CPU
		{1BB791BA-C288-4904-8DBF-ABAEB6E757C2}.Debug|x86.ActiveCfg = Debug|Any CPU
		{1BB791BA-C288-4904-8DBF-ABAEB6E757C2}.Debug|x86.Build.0 = Debug|Any CPU
		{1BB791BA-C288-4904-8DBF-ABAEB6E757C2}.Release|Any CPU.ActiveCfg = Release|Any CPU
		{1BB791BA-C288-4904-8DBF-ABAEB6E757C2}.Release|Any CPU.Build.0 = Release|Any CPU
		{1BB791BA-C288-4904-8DBF-ABAEB6E757C2}.Release|x64.ActiveCfg = Release|Any CPU
		{1BB791BA-C288-4904-8DBF-ABAEB6E757C2}.Release|x64.Build.0 = Release|Any CPU
		{1BB791BA-C288-4904-8DBF-ABAEB6E757C2}.Release|x86.ActiveCfg = Release|Any CPU
		{1BB791BA-C288-4904-8DBF-ABAEB6E757C2}.Release|x86.Build.0 = Release|Any CPU
		{C277231A-2B26-4C7B-9082-5591DD066A91}.Debug|Any CPU.ActiveCfg = Debug|Any CPU
		{C277231A-2B26-4C7B-9082-5591DD066A91}.Debug|Any CPU.Build.0 = Debug|Any CPU
		{C277231A-2B26-4C7B-9082-5591DD066A91}.Debug|x64.ActiveCfg = Debug|Any CPU
		{C277231A-2B26-4C7B-9082-5591DD066A91}.Debug|x64.Build.0 = Debug|Any CPU
		{C277231A-2B26-4C7B-9082-5591DD066A91}.Debug|x86.ActiveCfg = Debug|Any CPU
		{C277231A-2B26-4C7B-9082-5591DD066A91}.Debug|x86.Build.0 = Debug|Any CPU
		{C277231A-2B26-4C7B-9082-5591DD066A91}.Release|Any CPU.ActiveCfg = Release|Any CPU
		{C277231A-2B26-4C7B-9082-5591DD066A91}.Release|Any CPU.Build.0 = Release|Any CPU
		{C277231A-2B26-4C7B-9082-5591DD066A91}.Release|x64.ActiveCfg = Release|Any CPU
		{C277231A-2B26-4C7B-9082-5591DD066A91}.Release|x64.Build.0 = Release|Any CPU
		{C277231A-2B26-4C7B-9082-5591DD066A91}.Release|x86.ActiveCfg = Release|Any CPU
		{C277231A-2B26-4C7B-9082-5591DD066A91}.Release|x86.Build.0 = Release|Any CPU
		{DD2DA24C-80FC-4503-9E68-7D73073F214F}.Debug|Any CPU.ActiveCfg = Debug|Any CPU
		{DD2DA24C-80FC-4503-9E68-7D73073F214F}.Debug|Any CPU.Build.0 = Debug|Any CPU
		{DD2DA24C-80FC-4503-9E68-7D73073F214F}.Debug|x64.ActiveCfg = Debug|Any CPU
		{DD2DA24C-80FC-4503-9E68-7D73073F214F}.Debug|x64.Build.0 = Debug|Any CPU
		{DD2DA24C-80FC-4503-9E68-7D73073F214F}.Debug|x86.ActiveCfg = Debug|Any CPU
		{DD2DA24C-80FC-4503-9E68-7D73073F214F}.Debug|x86.Build.0 = Debug|Any CPU
		{DD2DA24C-80FC-4503-9E68-7D73073F214F}.Release|Any CPU.ActiveCfg = Release|Any CPU
		{DD2DA24C-80FC-4503-9E68-7D73073F214F}.Release|Any CPU.Build.0 = Release|Any CPU
		{DD2DA24C-80FC-4503-9E68-7D73073F214F}.Release|x64.ActiveCfg = Release|Any CPU
		{DD2DA24C-80FC-4503-9E68-7D73073F214F}.Release|x64.Build.0 = Release|Any CPU
		{DD2DA24C-80FC-4503-9E68-7D73073F214F}.Release|x86.ActiveCfg = Release|Any CPU
		{DD2DA24C-80FC-4503-9E68-7D73073F214F}.Release|x86.Build.0 = Release|Any CPU
	EndGlobalSection
	GlobalSection(SolutionProperties) = preSolution
		HideSolutionNode = FALSE
	EndGlobalSection
	GlobalSection(NestedProjects) = preSolution
		{B75DA5BD-4F2D-472E-8686-C19E889FD10F} = {827E0CD3-B72D-47B6-A68D-7590B98EB39B}
		{F8E65CC4-D9A6-4CC3-A52E-7842E41638D6} = {827E0CD3-B72D-47B6-A68D-7590B98EB39B}
		{9251CEEE-BC3E-4AFA-AA82-0E155DAE7672} = {827E0CD3-B72D-47B6-A68D-7590B98EB39B}
		{1BB791BA-C288-4904-8DBF-ABAEB6E757C2} = {827E0CD3-B72D-47B6-A68D-7590B98EB39B}
		{C277231A-2B26-4C7B-9082-5591DD066A91} = {827E0CD3-B72D-47B6-A68D-7590B98EB39B}
		{DD2DA24C-80FC-4503-9E68-7D73073F214F} = {827E0CD3-B72D-47B6-A68D-7590B98EB39B}
	EndGlobalSection
EndGlobal
